
Microsoft Visual Studio Solution File, Format Version 12.00
# Visual Studio Version 17
VisualStudioVersion = 17.8.34330.188
MinimumVisualStudioVersion = 10.0.40219.1
Project("{FAE04EC0-301F-11D3-BF4B-00C04F79EFBC}") = "borovnice", "borovnice\borovnice.csproj", "{FBF7C8EB-31D4-452F-97DD-A3DB0EA57DA6}"
EndProject
Global
	GlobalSection(SolutionConfigurationPlatforms) = preSolution
		Debug|Any CPU = Debug|Any CPU
		Release|Any CPU = Release|Any CPU
	EndGlobalSection
	GlobalSection(ProjectConfigurationPlatforms) = postSolution
		{FBF7C8EB-31D4-452F-97DD-A3DB0EA57DA6}.Debug|Any CPU.ActiveCfg = Debug|Any CPU
		{FBF7C8EB-31D4-452F-97DD-A3DB0EA57DA6}.Debug|Any CPU.Build.0 = Debug|Any CPU
		{FBF7C8EB-31D4-452F-97DD-A3DB0EA57DA6}.Release|Any CPU.ActiveCfg = Release|Any CPU
		{FBF7C8EB-31D4-452F-97DD-A3DB0EA57DA6}.Release|Any CPU.Build.0 = Release|Any CPU
	EndGlobalSection
	GlobalSection(SolutionProperties) = preSolution
		HideSolutionNode = FALSE
	EndGlobalSection
	GlobalSection(ExtensibilityGlobals) = postSolution
		SolutionGuid = {414E0DD3-E623-45D7-A38C-2D3E530550EB}
	EndGlobalSection
EndGlobal
